
Microsoft Visual Studio Solution File, Format Version 12.00
# Visual Studio Express 2013 for Windows
VisualStudioVersion = 12.0.30501.0
MinimumVisualStudioVersion = 10.0.40219.1
Project("{FAE04EC0-301F-11D3-BF4B-00C04F79EFBC}") = "SharpDX.SimpleInitializer.WP", "SharpDX.SimpleInitializer.WP\SharpDX.SimpleInitializer.WP.csproj", "{3BEA6395-DB35-4AB2-8C1D-1A4A154730F9}"
EndProject
Project("{2150E333-8FDC-42A3-9474-1A3956D46DE8}") = ".nuget", ".nuget", "{00B46E67-17B3-48BF-8659-CBD09B8137FF}"
	ProjectSection(SolutionItems) = preProject
		.nuget\NuGet.Config = .nuget\NuGet.Config
		.nuget\NuGet.exe = .nuget\NuGet.exe
		.nuget\NuGet.targets = .nuget\NuGet.targets
	EndProjectSection
EndProject
Project("{FAE04EC0-301F-11D3-BF4B-00C04F79EFBC}") = "SharpDX.SimpleInitializer.Universal", "SharpDX.SimpleInitializer.Universal\SharpDX.SimpleInitializer.Universal.csproj", "{2AA1F778-3525-42C6-A522-83BF4F409ADE}"
EndProject
Global
	GlobalSection(SolutionConfigurationPlatforms) = preSolution
		Debug|Windows Store Universal = Debug|Windows Store Universal
		Debug|WP8 Silverlight = Debug|WP8 Silverlight
		Debug|WP8 Silverlight Emulator = Debug|WP8 Silverlight Emulator
		Release|Windows Store Universal = Release|Windows Store Universal
		Release|WP8 Silverlight = Release|WP8 Silverlight
		Release|WP8 Silverlight Emulator = Release|WP8 Silverlight Emulator
	EndGlobalSection
	GlobalSection(ProjectConfigurationPlatforms) = postSolution
		{3BEA6395-DB35-4AB2-8C1D-1A4A154730F9}.Debug|Windows Store Universal.ActiveCfg = Debug|ARM
		{3BEA6395-DB35-4AB2-8C1D-1A4A154730F9}.Debug|WP8 Silverlight.ActiveCfg = Debug|ARM
		{3BEA6395-DB35-4AB2-8C1D-1A4A154730F9}.Debug|WP8 Silverlight.Build.0 = Debug|ARM
		{3BEA6395-DB35-4AB2-8C1D-1A4A154730F9}.Debug|WP8 Silverlight Emulator.ActiveCfg = Debug|x86
		{3BEA6395-DB35-4AB2-8C1D-1A4A154730F9}.Debug|WP8 Silverlight Emulator.Build.0 = Debug|x86
		{3BEA6395-DB35-4AB2-8C1D-1A4A154730F9}.Release|Windows Store Universal.ActiveCfg = Release|ARM
		{3BEA6395-DB35-4AB2-8C1D-1A4A154730F9}.Release|WP8 Silverlight.ActiveCfg = Release|ARM
		{3BEA6395-DB35-4AB2-8C1D-1A4A154730F9}.Release|WP8 Silverlight.Build.0 = Release|ARM
		{3BEA6395-DB35-4AB2-8C1D-1A4A154730F9}.Release|WP8 Silverlight Emulator.ActiveCfg = Release|x86
		{3BEA6395-DB35-4AB2-8C1D-1A4A154730F9}.Release|WP8 Silverlight Emulator.Build.0 = Release|x86
		{2AA1F778-3525-42C6-A522-83BF4F409ADE}.Debug|Windows Store Universal.ActiveCfg = Debug|Any CPU
		{2AA1F778-3525-42C6-A522-83BF4F409ADE}.Debug|Windows Store Universal.Build.0 = Debug|Any CPU
		{2AA1F778-3525-42C6-A522-83BF4F409ADE}.Debug|WP8 Silverlight.ActiveCfg = Debug|Any CPU
		{2AA1F778-3525-42C6-A522-83BF4F409ADE}.Debug|WP8 Silverlight Emulator.ActiveCfg = Debug|Any CPU
		{2AA1F778-3525-42C6-A522-83BF4F409ADE}.Release|Windows Store Universal.ActiveCfg = Release|Any CPU
		{2AA1F778-3525-42C6-A522-83BF4F409ADE}.Release|Windows Store Universal.Build.0 = Release|Any CPU
		{2AA1F778-3525-42C6-A522-83BF4F409ADE}.Release|WP8 Silverlight.ActiveCfg = Release|Any CPU
		{2AA1F778-3525-42C6-A522-83BF4F409ADE}.Release|WP8 Silverlight Emulator.ActiveCfg = Release|Any CPU
	EndGlobalSection
	GlobalSection(SolutionProperties) = preSolution
		HideSolutionNode = FALSE
	EndGlobalSection
EndGlobal
